
Microsoft Visual Studio Solution File, Format Version 12.00
# Visual Studio Version 17
VisualStudioVersion = 17.9.34622.214
MinimumVisualStudioVersion = 10.0.40219.1
Project("{2150E333-8FDC-42A3-9474-1A3956D46DE8}") = "Services", "Services", "{9B02B28D-E2E7-40C6-B6A6-4941C1265745}"
EndProject
Project("{2150E333-8FDC-42A3-9474-1A3956D46DE8}") = "Catalog", "Catalog", "{3D86F072-F4E7-4B8F-BA22-4FB37722D110}"
EndProject
Project("{9A19103F-16F7-4668-BE54-9A1E7A4F7556}") = "Catalog.Api", "Services\Catalog\Catalog.Api\Catalog.Api.csproj", "{591E0FA5-455E-4F75-9E05-55E1FFE5BE5A}"
EndProject
Project("{2150E333-8FDC-42A3-9474-1A3956D46DE8}") = "BuildingBlocks", "BuildingBlocks", "{2481147B-A9B9-40BC-93ED-85538FC7B76D}"
EndProject
Project("{9A19103F-16F7-4668-BE54-9A1E7A4F7556}") = "BuildingBlocks", "BuildingBlocks\BuildingBlocks\BuildingBlocks.csproj", "{B99E4B45-26C2-4287-B41B-6BCFCE86D8EF}"
EndProject
Project("{E53339B2-1760-4266-BCC7-CA923CBCF16C}") = "docker-compose", "docker-compose.dcproj", "{8E427406-D791-4760-A83A-56A9AA0667B5}"
EndProject
Project("{2150E333-8FDC-42A3-9474-1A3956D46DE8}") = "Basket", "Basket", "{77860143-96B9-483A-B6EF-9FE7F08DC74E}"
EndProject
Project("{9A19103F-16F7-4668-BE54-9A1E7A4F7556}") = "Basket.API", "Services\Basket\Basket.API\Basket.API.csproj", "{656DDC90-3B79-467F-9D33-11830083CB5E}"
EndProject
Project("{2150E333-8FDC-42A3-9474-1A3956D46DE8}") = "Discount", "Discount", "{C30DCA31-1181-4435-A968-255E6D552047}"
EndProject
Project("{9A19103F-16F7-4668-BE54-9A1E7A4F7556}") = "Discount.Grpc", "Services\Discount\Discount.Grpc\Discount.Grpc.csproj", "{F5DCD2D3-4A22-4D44-9DE5-99DA916F41BC}"
EndProject
Project("{2150E333-8FDC-42A3-9474-1A3956D46DE8}") = "Ordering", "Ordering", "{ECBB0FAF-ED86-46E0-A13B-F21C57DD0B96}"
EndProject
Project("{9A19103F-16F7-4668-BE54-9A1E7A4F7556}") = "Ordering.API", "Services\Ordering\Ordering.API\Ordering.API.csproj", "{CE7B85F4-740B-43AD-8F3A-0781709BE093}"
EndProject
Project("{9A19103F-16F7-4668-BE54-9A1E7A4F7556}") = "Ordering.Domain", "Services\Ordering\Ordering.Domain\Ordering.Domain.csproj", "{CDD316F6-75A9-4B99-A81A-DE30641A0EDD}"
EndProject
Project("{9A19103F-16F7-4668-BE54-9A1E7A4F7556}") = "Ordering.Application", "Services\Ordering\Ordering.Application\Ordering.Application.csproj", "{FA922F47-032E-4AAD-A1E5-5048AB28DD91}"
EndProject
Project("{9A19103F-16F7-4668-BE54-9A1E7A4F7556}") = "Ordering.Infrastructure", "Services\Ordering\Ordering.Infrastructure\Ordering.Infrastructure.csproj", "{ED621E0D-D28B-4E8C-9AA9-EA4311938DE7}"
EndProject
Project("{9A19103F-16F7-4668-BE54-9A1E7A4F7556}") = "BuildingBlocks.Messaging", "BuildingBlocks\BuildingBlocks.Messaging\BuildingBlocks.Messaging.csproj", "{B12A08A4-6ABE-4B74-8DC4-83E76DE82342}"
EndProject
Project("{2150E333-8FDC-42A3-9474-1A3956D46DE8}") = "ApiGateways", "ApiGateways", "{83142E50-47E6-4150-90FD-CB4622ED4AFA}"
EndProject
Project("{FAE04EC0-301F-11D3-BF4B-00C04F79EFBC}") = "ApiGateways", "ApiGateways\ApiGateways\ApiGateways.csproj", "{62ACD4DA-0B3E-4668-B8BC-94A2D73258C7}"
EndProject
Project("{2150E333-8FDC-42A3-9474-1A3956D46DE8}") = "WebApps", "WebApps", "{09262E1D-2C7E-4FD1-AE79-34CFD6BD0194}"
EndProject
Project("{FAE04EC0-301F-11D3-BF4B-00C04F79EFBC}") = "Shopping.Web", "WebApps\Shopping.Web\Shopping.Web.csproj", "{6276E117-6F7E-4EFC-B5CA-3CB153F091E6}"
EndProject
Global
	GlobalSection(SolutionConfigurationPlatforms) = preSolution
		Debug|Any CPU = Debug|Any CPU
		Release|Any CPU = Release|Any CPU
	EndGlobalSection
	GlobalSection(ProjectConfigurationPlatforms) = postSolution
		{591E0FA5-455E-4F75-9E05-55E1FFE5BE5A}.Debug|Any CPU.ActiveCfg = Debug|Any CPU
		{591E0FA5-455E-4F75-9E05-55E1FFE5BE5A}.Debug|Any CPU.Build.0 = Debug|Any CPU
		{591E0FA5-455E-4F75-9E05-55E1FFE5BE5A}.Release|Any CPU.ActiveCfg = Release|Any CPU
		{591E0FA5-455E-4F75-9E05-55E1FFE5BE5A}.Release|Any CPU.Build.0 = Release|Any CPU
		{B99E4B45-26C2-4287-B41B-6BCFCE86D8EF}.Debug|Any CPU.ActiveCfg = Debug|Any CPU
		{B99E4B45-26C2-4287-B41B-6BCFCE86D8EF}.Debug|Any CPU.Build.0 = Debug|Any CPU
		{B99E4B45-26C2-4287-B41B-6BCFCE86D8EF}.Release|Any CPU.ActiveCfg = Release|Any CPU
		{B99E4B45-26C2-4287-B41B-6BCFCE86D8EF}.Release|Any CPU.Build.0 = Release|Any CPU
		{8E427406-D791-4760-A83A-56A9AA0667B5}.Debug|Any CPU.ActiveCfg = Debug|Any CPU
		{8E427406-D791-4760-A83A-56A9AA0667B5}.Debug|Any CPU.Build.0 = Debug|Any CPU
		{8E427406-D791-4760-A83A-56A9AA0667B5}.Release|Any CPU.ActiveCfg = Release|Any CPU
		{8E427406-D791-4760-A83A-56A9AA0667B5}.Release|Any CPU.Build.0 = Release|Any CPU
		{656DDC90-3B79-467F-9D33-11830083CB5E}.Debug|Any CPU.ActiveCfg = Debug|Any CPU
		{656DDC90-3B79-467F-9D33-11830083CB5E}.Debug|Any CPU.Build.0 = Debug|Any CPU
		{656DDC90-3B79-467F-9D33-11830083CB5E}.Release|Any CPU.ActiveCfg = Release|Any CPU
		{656DDC90-3B79-467F-9D33-11830083CB5E}.Release|Any CPU.Build.0 = Release|Any CPU
		{F5DCD2D3-4A22-4D44-9DE5-99DA916F41BC}.Debug|Any CPU.ActiveCfg = Debug|Any CPU
		{F5DCD2D3-4A22-4D44-9DE5-99DA916F41BC}.Debug|Any CPU.Build.0 = Debug|Any CPU
		{F5DCD2D3-4A22-4D44-9DE5-99DA916F41BC}.Release|Any CPU.ActiveCfg = Release|Any CPU
		{F5DCD2D3-4A22-4D44-9DE5-99DA916F41BC}.Release|Any CPU.Build.0 = Release|Any CPU
		{CE7B85F4-740B-43AD-8F3A-0781709BE093}.Debug|Any CPU.ActiveCfg = Debug|Any CPU
		{CE7B85F4-740B-43AD-8F3A-0781709BE093}.Debug|Any CPU.Build.0 = Debug|Any CPU
		{CE7B85F4-740B-43AD-8F3A-0781709BE093}.Release|Any CPU.ActiveCfg = Release|Any CPU
		{CE7B85F4-740B-43AD-8F3A-0781709BE093}.Release|Any CPU.Build.0 = Release|Any CPU
		{CDD316F6-75A9-4B99-A81A-DE30641A0EDD}.Debug|Any CPU.ActiveCfg = Debug|Any CPU
		{CDD316F6-75A9-4B99-A81A-DE30641A0EDD}.Debug|Any CPU.Build.0 = Debug|Any CPU
		{CDD316F6-75A9-4B99-A81A-DE30641A0EDD}.Release|Any CPU.ActiveCfg = Release|Any CPU
		{CDD316F6-75A9-4B99-A81A-DE30641A0EDD}.Release|Any CPU.Build.0 = Release|Any CPU
		{FA922F47-032E-4AAD-A1E5-5048AB28DD91}.Debug|Any CPU.ActiveCfg = Debug|Any CPU
		{FA922F47-032E-4AAD-A1E5-5048AB28DD91}.Debug|Any CPU.Build.0 = Debug|Any CPU
		{FA922F47-032E-4AAD-A1E5-5048AB28DD91}.Release|Any CPU.ActiveCfg = Release|Any CPU
		{FA922F47-032E-4AAD-A1E5-5048AB28DD91}.Release|Any CPU.Build.0 = Release|Any CPU
		{ED621E0D-D28B-4E8C-9AA9-EA4311938DE7}.Debug|Any CPU.ActiveCfg = Debug|Any CPU
		{ED621E0D-D28B-4E8C-9AA9-EA4311938DE7}.Debug|Any CPU.Build.0 = Debug|Any CPU
		{ED621E0D-D28B-4E8C-9AA9-EA4311938DE7}.Release|Any CPU.ActiveCfg = Release|Any CPU
		{ED621E0D-D28B-4E8C-9AA9-EA4311938DE7}.Release|Any CPU.Build.0 = Release|Any CPU
		{B12A08A4-6ABE-4B74-8DC4-83E76DE82342}.Debug|Any CPU.ActiveCfg = Debug|Any CPU
		{B12A08A4-6ABE-4B74-8DC4-83E76DE82342}.Debug|Any CPU.Build.0 = Debug|Any CPU
		{B12A08A4-6ABE-4B74-8DC4-83E76DE82342}.Release|Any CPU.ActiveCfg = Release|Any CPU
		{B12A08A4-6ABE-4B74-8DC4-83E76DE82342}.Release|Any CPU.Build.0 = Release|Any CPU
		{62ACD4DA-0B3E-4668-B8BC-94A2D73258C7}.Debug|Any CPU.ActiveCfg = Debug|Any CPU
		{62ACD4DA-0B3E-4668-B8BC-94A2D73258C7}.Debug|Any CPU.Build.0 = Debug|Any CPU
		{62ACD4DA-0B3E-4668-B8BC-94A2D73258C7}.Release|Any CPU.ActiveCfg = Release|Any CPU
		{62ACD4DA-0B3E-4668-B8BC-94A2D73258C7}.Release|Any CPU.Build.0 = Release|Any CPU
		{6276E117-6F7E-4EFC-B5CA-3CB153F091E6}.Debug|Any CPU.ActiveCfg = Debug|Any CPU
		{6276E117-6F7E-4EFC-B5CA-3CB153F091E6}.Debug|Any CPU.Build.0 = Debug|Any CPU
		{6276E117-6F7E-4EFC-B5CA-3CB153F091E6}.Release|Any CPU.ActiveCfg = Release|Any CPU
		{6276E117-6F7E-4EFC-B5CA-3CB153F091E6}.Release|Any CPU.Build.0 = Release|Any CPU
	EndGlobalSection
	GlobalSection(SolutionProperties) = preSolution
		HideSolutionNode = FALSE
	EndGlobalSection
	GlobalSection(NestedProjects) = preSolution
		{3D86F072-F4E7-4B8F-BA22-4FB37722D110} = {9B02B28D-E2E7-40C6-B6A6-4941C1265745}
		{591E0FA5-455E-4F75-9E05-55E1FFE5BE5A} = {3D86F072-F4E7-4B8F-BA22-4FB37722D110}
		{B99E4B45-26C2-4287-B41B-6BCFCE86D8EF} = {2481147B-A9B9-40BC-93ED-85538FC7B76D}
		{77860143-96B9-483A-B6EF-9FE7F08DC74E} = {9B02B28D-E2E7-40C6-B6A6-4941C1265745}
		{656DDC90-3B79-467F-9D33-11830083CB5E} = {77860143-96B9-483A-B6EF-9FE7F08DC74E}
		{C30DCA31-1181-4435-A968-255E6D552047} = {9B02B28D-E2E7-40C6-B6A6-4941C1265745}
		{F5DCD2D3-4A22-4D44-9DE5-99DA916F41BC} = {C30DCA31-1181-4435-A968-255E6D552047}
		{ECBB0FAF-ED86-46E0-A13B-F21C57DD0B96} = {9B02B28D-E2E7-40C6-B6A6-4941C1265745}
		{CE7B85F4-740B-43AD-8F3A-0781709BE093} = {ECBB0FAF-ED86-46E0-A13B-F21C57DD0B96}
		{CDD316F6-75A9-4B99-A81A-DE30641A0EDD} = {ECBB0FAF-ED86-46E0-A13B-F21C57DD0B96}
		{FA922F47-032E-4AAD-A1E5-5048AB28DD91} = {ECBB0FAF-ED86-46E0-A13B-F21C57DD0B96}
		{ED621E0D-D28B-4E8C-9AA9-EA4311938DE7} = {ECBB0FAF-ED86-46E0-A13B-F21C57DD0B96}
		{B12A08A4-6ABE-4B74-8DC4-83E76DE82342} = {2481147B-A9B9-40BC-93ED-85538FC7B76D}
		{62ACD4DA-0B3E-4668-B8BC-94A2D73258C7} = {83142E50-47E6-4150-90FD-CB4622ED4AFA}
		{6276E117-6F7E-4EFC-B5CA-3CB153F091E6} = {09262E1D-2C7E-4FD1-AE79-34CFD6BD0194}
	EndGlobalSection
	GlobalSection(ExtensibilityGlobals) = postSolution
		SolutionGuid = {F8DCCDB2-615E-4653-8A72-F5A5CDC4F4FF}
	EndGlobalSection
EndGlobal
